
Microsoft Visual Studio Solution File, Format Version 12.00
# Visual Studio Version 17
VisualStudioVersion = 17.12.35527.113 d17.12
MinimumVisualStudioVersion = 10.0.40219.1
Project("{FAE04EC0-301F-11D3-BF4B-00C04F79EFBC}") = "opg19", "opg19\opg19.csproj", "{8179ED05-A0B1-4160-95CB-9710B7D9E00C}"
EndProject
Global
	GlobalSection(SolutionConfigurationPlatforms) = preSolution
		Debug|Any CPU = Debug|Any CPU
		Release|Any CPU = Release|Any CPU
	EndGlobalSection
	GlobalSection(ProjectConfigurationPlatforms) = postSolution
		{8179ED05-A0B1-4160-95CB-9710B7D9E00C}.Debug|Any CPU.ActiveCfg = Debug|Any CPU
		{8179ED05-A0B1-4160-95CB-9710B7D9E00C}.Debug|Any CPU.Build.0 = Debug|Any CPU
		{8179ED05-A0B1-4160-95CB-9710B7D9E00C}.Release|Any CPU.ActiveCfg = Release|Any CPU
		{8179ED05-A0B1-4160-95CB-9710B7D9E00C}.Release|Any CPU.Build.0 = Release|Any CPU
	EndGlobalSection
	GlobalSection(SolutionProperties) = preSolution
		HideSolutionNode = FALSE
	EndGlobalSection
EndGlobal
