
Microsoft Visual Studio Solution File, Format Version 12.00
# Visual Studio Version 17
VisualStudioVersion = 17.12.35527.113 d17.12
MinimumVisualStudioVersion = 10.0.40219.1
Project("{FAE04EC0-301F-11D3-BF4B-00C04F79EFBC}") = "opg6", "opg6\opg6.csproj", "{43BD4C5A-7E58-4FE4-8FCD-2474DAC5AFB4}"
EndProject
Global
	GlobalSection(SolutionConfigurationPlatforms) = preSolution
		Debug|Any CPU = Debug|Any CPU
		Release|Any CPU = Release|Any CPU
	EndGlobalSection
	GlobalSection(ProjectConfigurationPlatforms) = postSolution
		{43BD4C5A-7E58-4FE4-8FCD-2474DAC5AFB4}.Debug|Any CPU.ActiveCfg = Debug|Any CPU
		{43BD4C5A-7E58-4FE4-8FCD-2474DAC5AFB4}.Debug|Any CPU.Build.0 = Debug|Any CPU
		{43BD4C5A-7E58-4FE4-8FCD-2474DAC5AFB4}.Release|Any CPU.ActiveCfg = Release|Any CPU
		{43BD4C5A-7E58-4FE4-8FCD-2474DAC5AFB4}.Release|Any CPU.Build.0 = Release|Any CPU
	EndGlobalSection
	GlobalSection(SolutionProperties) = preSolution
		HideSolutionNode = FALSE
	EndGlobalSection
EndGlobal
